
Microsoft Visual Studio Solution File, Format Version 12.00
# Visual Studio Version 17
VisualStudioVersion = 17.13.35931.197
MinimumVisualStudioVersion = 10.0.40219.1
Project("{FAE04EC0-301F-11D3-BF4B-00C04F79EFBC}") = "NguyenHoangDungWPF", "NguyenHoangDungWPF.csproj", "{BB6395DC-B728-4424-A496-8A4D58D602C8}"
EndProject
Project("{FAE04EC0-301F-11D3-BF4B-00C04F79EFBC}") = "BusinessObjects", "..\BusinessObjects\BusinessObjects.csproj", "{FB186368-4943-4639-BEDD-367F9F567162}"
EndProject
Project("{FAE04EC0-301F-11D3-BF4B-00C04F79EFBC}") = "DataAccessLayer", "..\DataAccessLayer\DataAccessLayer.csproj", "{82FF1E1D-AEAF-45A4-91CB-93EDB4271728}"
EndProject
Project("{FAE04EC0-301F-11D3-BF4B-00C04F79EFBC}") = "Repositories", "..\Repositories\Repositories.csproj", "{614F7EB8-D46E-431C-AD90-D579C85DEDDE}"
EndProject
Project("{FAE04EC0-301F-11D3-BF4B-00C04F79EFBC}") = "Services", "..\Services\Services.csproj", "{BC17AED1-6D4D-471B-90A3-4D4ADE5770B1}"
EndProject
Global
	GlobalSection(SolutionConfigurationPlatforms) = preSolution
		Debug|Any CPU = Debug|Any CPU
		Release|Any CPU = Release|Any CPU
	EndGlobalSection
	GlobalSection(ProjectConfigurationPlatforms) = postSolution
		{BB6395DC-B728-4424-A496-8A4D58D602C8}.Debug|Any CPU.ActiveCfg = Debug|Any CPU
		{BB6395DC-B728-4424-A496-8A4D58D602C8}.Debug|Any CPU.Build.0 = Debug|Any CPU
		{BB6395DC-B728-4424-A496-8A4D58D602C8}.Release|Any CPU.ActiveCfg = Release|Any CPU
		{BB6395DC-B728-4424-A496-8A4D58D602C8}.Release|Any CPU.Build.0 = Release|Any CPU
		{FB186368-4943-4639-BEDD-367F9F567162}.Debug|Any CPU.ActiveCfg = Debug|Any CPU
		{FB186368-4943-4639-BEDD-367F9F567162}.Debug|Any CPU.Build.0 = Debug|Any CPU
		{FB186368-4943-4639-BEDD-367F9F567162}.Release|Any CPU.ActiveCfg = Release|Any CPU
		{FB186368-4943-4639-BEDD-367F9F567162}.Release|Any CPU.Build.0 = Release|Any CPU
		{82FF1E1D-AEAF-45A4-91CB-93EDB4271728}.Debug|Any CPU.ActiveCfg = Debug|Any CPU
		{82FF1E1D-AEAF-45A4-91CB-93EDB4271728}.Debug|Any CPU.Build.0 = Debug|Any CPU
		{82FF1E1D-AEAF-45A4-91CB-93EDB4271728}.Release|Any CPU.ActiveCfg = Release|Any CPU
		{82FF1E1D-AEAF-45A4-91CB-93EDB4271728}.Release|Any CPU.Build.0 = Release|Any CPU
		{614F7EB8-D46E-431C-AD90-D579C85DEDDE}.Debug|Any CPU.ActiveCfg = Debug|Any CPU
		{614F7EB8-D46E-431C-AD90-D579C85DEDDE}.Debug|Any CPU.Build.0 = Debug|Any CPU
		{614F7EB8-D46E-431C-AD90-D579C85DEDDE}.Release|Any CPU.ActiveCfg = Release|Any CPU
		{614F7EB8-D46E-431C-AD90-D579C85DEDDE}.Release|Any CPU.Build.0 = Release|Any CPU
		{BC17AED1-6D4D-471B-90A3-4D4ADE5770B1}.Debug|Any CPU.ActiveCfg = Debug|Any CPU
		{BC17AED1-6D4D-471B-90A3-4D4ADE5770B1}.Debug|Any CPU.Build.0 = Debug|Any CPU
		{BC17AED1-6D4D-471B-90A3-4D4ADE5770B1}.Release|Any CPU.ActiveCfg = Release|Any CPU
		{BC17AED1-6D4D-471B-90A3-4D4ADE5770B1}.Release|Any CPU.Build.0 = Release|Any CPU
	EndGlobalSection
	GlobalSection(SolutionProperties) = preSolution
		HideSolutionNode = FALSE
	EndGlobalSection
	GlobalSection(ExtensibilityGlobals) = postSolution
		SolutionGuid = {F0E5BCA2-A5EE-4736-997B-9F9861E58CC3}
	EndGlobalSection
EndGlobal
